// !$*UTF8*$!
{
	archiveVersion = 1;
	classes = {
	};
	objectVersion = 50;
	objects = {

/* Begin PBXBuildFile section */
		CBA9ACD726C4BD2900BB1046 /* MealResponse.swift in Sources */ = {isa = PBXBuildFile; fileRef = CBA9ACD626C4BD2900BB1046 /* MealResponse.swift */; };
		CBA9ACD926C4BFC100BB1046 /* TheMealDbApi.swift in Sources */ = {isa = PBXBuildFile; fileRef = CBA9ACD826C4BFC100BB1046 /* TheMealDbApi.swift */; };
		CBE4EFCC26BDB01E005734DC /* AppDelegate.swift in Sources */ = {isa = PBXBuildFile; fileRef = CBE4EFCB26BDB01E005734DC /* AppDelegate.swift */; };
		CBE4EFCE26BDB01E005734DC /* SceneDelegate.swift in Sources */ = {isa = PBXBuildFile; fileRef = CBE4EFCD26BDB01E005734DC /* SceneDelegate.swift */; };
		CBE4EFD026BDB01E005734DC /* ViewController.swift in Sources */ = {isa = PBXBuildFile; fileRef = CBE4EFCF26BDB01E005734DC /* ViewController.swift */; };
		CBE4EFD326BDB01E005734DC /* Main.storyboard in Resources */ = {isa = PBXBuildFile; fileRef = CBE4EFD126BDB01E005734DC /* Main.storyboard */; };
		CBE4EFD626BDB01E005734DC /* CourseProject.xcdatamodeld in Sources */ = {isa = PBXBuildFile; fileRef = CBE4EFD426BDB01E005734DC /* CourseProject.xcdatamodeld */; };
		CBE4EFD826BDB01E005734DC /* Assets.xcassets in Resources */ = {isa = PBXBuildFile; fileRef = CBE4EFD726BDB01E005734DC /* Assets.xcassets */; };
		CBE4EFDB26BDB01E005734DC /* LaunchScreen.storyboard in Resources */ = {isa = PBXBuildFile; fileRef = CBE4EFD926BDB01E005734DC /* LaunchScreen.storyboard */; };
		CBE4EFE626BDBEAB005734DC /* AllRecipeViewController.swift in Sources */ = {isa = PBXBuildFile; fileRef = CBE4EFE526BDBEAB005734DC /* AllRecipeViewController.swift */; };
		CBE4EFE826BDBEBB005734DC /* OneRecipeViewController.swift in Sources */ = {isa = PBXBuildFile; fileRef = CBE4EFE726BDBEBB005734DC /* OneRecipeViewController.swift */; };
		CBE4EFEA26BDBECF005734DC /* WeekPlanViewController.swift in Sources */ = {isa = PBXBuildFile; fileRef = CBE4EFE926BDBECF005734DC /* WeekPlanViewController.swift */; };
		CBE4EFEC26BDBEDE005734DC /* FavoriteRecipeViewController.swift in Sources */ = {isa = PBXBuildFile; fileRef = CBE4EFEB26BDBEDE005734DC /* FavoriteRecipeViewController.swift */; };
		CBE4EFEE26BDBEEC005734DC /* GroceryListViewController.swift in Sources */ = {isa = PBXBuildFile; fileRef = CBE4EFED26BDBEEC005734DC /* GroceryListViewController.swift */; };
		CBE4EFF026BDD2CB005734DC /* TabBarViewController.swift in Sources */ = {isa = PBXBuildFile; fileRef = CBE4EFEF26BDD2CB005734DC /* TabBarViewController.swift */; };
/* End PBXBuildFile section */

/* Begin PBXFileReference section */
		CBA9ACD626C4BD2900BB1046 /* MealResponse.swift */ = {isa = PBXFileReference; lastKnownFileType = sourcecode.swift; path = MealResponse.swift; sourceTree = "<group>"; };
		CBA9ACD826C4BFC100BB1046 /* TheMealDbApi.swift */ = {isa = PBXFileReference; lastKnownFileType = sourcecode.swift; path = TheMealDbApi.swift; sourceTree = "<group>"; };
		CBE4EFC826BDB01E005734DC /* CourseProject.app */ = {isa = PBXFileReference; explicitFileType = wrapper.application; includeInIndex = 0; path = CourseProject.app; sourceTree = BUILT_PRODUCTS_DIR; };
		CBE4EFCB26BDB01E005734DC /* AppDelegate.swift */ = {isa = PBXFileReference; lastKnownFileType = sourcecode.swift; path = AppDelegate.swift; sourceTree = "<group>"; };
		CBE4EFCD26BDB01E005734DC /* SceneDelegate.swift */ = {isa = PBXFileReference; lastKnownFileType = sourcecode.swift; path = SceneDelegate.swift; sourceTree = "<group>"; };
		CBE4EFCF26BDB01E005734DC /* ViewController.swift */ = {isa = PBXFileReference; lastKnownFileType = sourcecode.swift; path = ViewController.swift; sourceTree = "<group>"; };
		CBE4EFD226BDB01E005734DC /* Base */ = {isa = PBXFileReference; lastKnownFileType = file.storyboard; name = Base; path = Base.lproj/Main.storyboard; sourceTree = "<group>"; };
		CBE4EFD526BDB01E005734DC /* CourseProject.xcdatamodel */ = {isa = PBXFileReference; lastKnownFileType = wrapper.xcdatamodel; path = CourseProject.xcdatamodel; sourceTree = "<group>"; };
		CBE4EFD726BDB01E005734DC /* Assets.xcassets */ = {isa = PBXFileReference; lastKnownFileType = folder.assetcatalog; path = Assets.xcassets; sourceTree = "<group>"; };
		CBE4EFDA26BDB01E005734DC /* Base */ = {isa = PBXFileReference; lastKnownFileType = file.storyboard; name = Base; path = Base.lproj/LaunchScreen.storyboard; sourceTree = "<group>"; };
		CBE4EFDC26BDB01E005734DC /* Info.plist */ = {isa = PBXFileReference; lastKnownFileType = text.plist.xml; path = Info.plist; sourceTree = "<group>"; };
		CBE4EFE526BDBEAB005734DC /* AllRecipeViewController.swift */ = {isa = PBXFileReference; lastKnownFileType = sourcecode.swift; path = AllRecipeViewController.swift; sourceTree = "<group>"; };
		CBE4EFE726BDBEBB005734DC /* OneRecipeViewController.swift */ = {isa = PBXFileReference; lastKnownFileType = sourcecode.swift; path = OneRecipeViewController.swift; sourceTree = "<group>"; };
		CBE4EFE926BDBECF005734DC /* WeekPlanViewController.swift */ = {isa = PBXFileReference; lastKnownFileType = sourcecode.swift; path = WeekPlanViewController.swift; sourceTree = "<group>"; };
		CBE4EFEB26BDBEDE005734DC /* FavoriteRecipeViewController.swift */ = {isa = PBXFileReference; lastKnownFileType = sourcecode.swift; path = FavoriteRecipeViewController.swift; sourceTree = "<group>"; };
		CBE4EFED26BDBEEC005734DC /* GroceryListViewController.swift */ = {isa = PBXFileReference; lastKnownFileType = sourcecode.swift; path = GroceryListViewController.swift; sourceTree = "<group>"; };
		CBE4EFEF26BDD2CB005734DC /* TabBarViewController.swift */ = {isa = PBXFileReference; lastKnownFileType = sourcecode.swift; path = TabBarViewController.swift; sourceTree = "<group>"; };
/* End PBXFileReference section */

/* Begin PBXFrameworksBuildPhase section */
		CBE4EFC526BDB01E005734DC /* Frameworks */ = {
			isa = PBXFrameworksBuildPhase;
			buildActionMask = 2147483647;
			files = (
			);
			runOnlyForDeploymentPostprocessing = 0;
		};
/* End PBXFrameworksBuildPhase section */

/* Begin PBXGroup section */
		CBA9ACD426C4BD1300BB1046 /* View */ = {
			isa = PBXGroup;
			children = (
			);
			path = View;
			sourceTree = "<group>";
		};
		CBA9ACD526C4BD1800BB1046 /* Model */ = {
			isa = PBXGroup;
			children = (
				CBA9ACD626C4BD2900BB1046 /* MealResponse.swift */,
				CBA9ACD826C4BFC100BB1046 /* TheMealDbApi.swift */,
			);
			path = Model;
			sourceTree = "<group>";
		};
		CBE4EFBF26BDB01E005734DC = {
			isa = PBXGroup;
			children = (
				CBE4EFCA26BDB01E005734DC /* CourseProject */,
				CBE4EFC926BDB01E005734DC /* Products */,
			);
			sourceTree = "<group>";
		};
		CBE4EFC926BDB01E005734DC /* Products */ = {
			isa = PBXGroup;
			children = (
				CBE4EFC826BDB01E005734DC /* CourseProject.app */,
			);
			name = Products;
			sourceTree = "<group>";
		};
		CBE4EFCA26BDB01E005734DC /* CourseProject */ = {
			isa = PBXGroup;
			children = (
				CBA9ACD526C4BD1800BB1046 /* Model */,
				CBA9ACD426C4BD1300BB1046 /* View */,
				CBE4EFE426BDB275005734DC /* Controller */,
				CBE4EFCB26BDB01E005734DC /* AppDelegate.swift */,
				CBE4EFCD26BDB01E005734DC /* SceneDelegate.swift */,
				CBE4EFCF26BDB01E005734DC /* ViewController.swift */,
				CBE4EFD126BDB01E005734DC /* Main.storyboard */,
				CBE4EFD726BDB01E005734DC /* Assets.xcassets */,
				CBE4EFD926BDB01E005734DC /* LaunchScreen.storyboard */,
				CBE4EFDC26BDB01E005734DC /* Info.plist */,
				CBE4EFD426BDB01E005734DC /* CourseProject.xcdatamodeld */,
			);
			path = CourseProject;
			sourceTree = "<group>";
		};
		CBE4EFE426BDB275005734DC /* Controller */ = {
			isa = PBXGroup;
			children = (
				CBE4EFE526BDBEAB005734DC /* AllRecipeViewController.swift */,
				CBE4EFE726BDBEBB005734DC /* OneRecipeViewController.swift */,
				CBE4EFE926BDBECF005734DC /* WeekPlanViewController.swift */,
				CBE4EFEB26BDBEDE005734DC /* FavoriteRecipeViewController.swift */,
				CBE4EFED26BDBEEC005734DC /* GroceryListViewController.swift */,
				CBE4EFEF26BDD2CB005734DC /* TabBarViewController.swift */,
			);
			path = Controller;
			sourceTree = "<group>";
		};
/* End PBXGroup section */

/* Begin PBXNativeTarget section */
		CBE4EFC726BDB01E005734DC /* CourseProject */ = {
			isa = PBXNativeTarget;
			buildConfigurationList = CBE4EFDF26BDB01E005734DC /* Build configuration list for PBXNativeTarget "CourseProject" */;
			buildPhases = (
				CBE4EFC426BDB01E005734DC /* Sources */,
				CBE4EFC526BDB01E005734DC /* Frameworks */,
				CBE4EFC626BDB01E005734DC /* Resources */,
			);
			buildRules = (
			);
			dependencies = (
			);
			name = CourseProject;
			productName = CourseProject;
			productReference = CBE4EFC826BDB01E005734DC /* CourseProject.app */;
			productType = "com.apple.product-type.application";
		};
/* End PBXNativeTarget section */

/* Begin PBXProject section */
		CBE4EFC026BDB01E005734DC /* Project object */ = {
			isa = PBXProject;
			attributes = {
				LastSwiftUpdateCheck = 1250;
				LastUpgradeCheck = 1250;
				TargetAttributes = {
					CBE4EFC726BDB01E005734DC = {
						CreatedOnToolsVersion = 12.5.1;
					};
				};
			};
			buildConfigurationList = CBE4EFC326BDB01E005734DC /* Build configuration list for PBXProject "CourseProject" */;
			compatibilityVersion = "Xcode 9.3";
			developmentRegion = en;
			hasScannedForEncodings = 0;
			knownRegions = (
				en,
				Base,
			);
			mainGroup = CBE4EFBF26BDB01E005734DC;
			productRefGroup = CBE4EFC926BDB01E005734DC /* Products */;
			projectDirPath = "";
			projectRoot = "";
			targets = (
				CBE4EFC726BDB01E005734DC /* CourseProject */,
			);
		};
/* End PBXProject section */

/* Begin PBXResourcesBuildPhase section */
		CBE4EFC626BDB01E005734DC /* Resources */ = {
			isa = PBXResourcesBuildPhase;
			buildActionMask = 2147483647;
			files = (
				CBE4EFDB26BDB01E005734DC /* LaunchScreen.storyboard in Resources */,
				CBE4EFD826BDB01E005734DC /* Assets.xcassets in Resources */,
				CBE4EFD326BDB01E005734DC /* Main.storyboard in Resources */,
			);
			runOnlyForDeploymentPostprocessing = 0;
		};
/* End PBXResourcesBuildPhase section */

/* Begin PBXSourcesBuildPhase section */
		CBE4EFC426BDB01E005734DC /* Sources */ = {
			isa = PBXSourcesBuildPhase;
			buildActionMask = 2147483647;
			files = (
				CBE4EFD026BDB01E005734DC /* ViewController.swift in Sources */,
				CBA9ACD926C4BFC100BB1046 /* TheMealDbApi.swift in Sources */,
				CBE4EFCC26BDB01E005734DC /* AppDelegate.swift in Sources */,
				CBE4EFEE26BDBEEC005734DC /* GroceryListViewController.swift in Sources */,
				CBE4EFD626BDB01E005734DC /* CourseProject.xcdatamodeld in Sources */,
				CBE4EFCE26BDB01E005734DC /* SceneDelegate.swift in Sources */,
				CBE4EFEC26BDBEDE005734DC /* FavoriteRecipeViewController.swift in Sources */,
				CBE4EFE626BDBEAB005734DC /* AllRecipeViewController.swift in Sources */,
				CBE4EFE826BDBEBB005734DC /* OneRecipeViewController.swift in Sources */,
				CBE4EFF026BDD2CB005734DC /* TabBarViewController.swift in Sources */,
				CBE4EFEA26BDBECF005734DC /* WeekPlanViewController.swift in Sources */,
				CBA9ACD726C4BD2900BB1046 /* MealResponse.swift in Sources */,
			);
			runOnlyForDeploymentPostprocessing = 0;
		};
/* End PBXSourcesBuildPhase section */

/* Begin PBXVariantGroup section */
		CBE4EFD126BDB01E005734DC /* Main.storyboard */ = {
			isa = PBXVariantGroup;
			children = (
				CBE4EFD226BDB01E005734DC /* Base */,
			);
			name = Main.storyboard;
			sourceTree = "<group>";
		};
		CBE4EFD926BDB01E005734DC /* LaunchScreen.storyboard */ = {
			isa = PBXVariantGroup;
			children = (
				CBE4EFDA26BDB01E005734DC /* Base */,
			);
			name = LaunchScreen.storyboard;
			sourceTree = "<group>";
		};
/* End PBXVariantGroup section */

/* Begin XCBuildConfiguration section */
		CBE4EFDD26BDB01E005734DC /* Debug */ = {
			isa = XCBuildConfiguration;
			buildSettings = {
				ALWAYS_SEARCH_USER_PATHS = NO;
				CLANG_ANALYZER_NONNULL = YES;
				CLANG_ANALYZER_NUMBER_OBJECT_CONVERSION = YES_AGGRESSIVE;
				CLANG_CXX_LANGUAGE_STANDARD = "gnu++14";
				CLANG_CXX_LIBRARY = "libc++";
				CLANG_ENABLE_MODULES = YES;
				CLANG_ENABLE_OBJC_ARC = YES;
				CLANG_ENABLE_OBJC_WEAK = YES;
				CLANG_WARN_BLOCK_CAPTURE_AUTORELEASING = YES;
				CLANG_WARN_BOOL_CONVERSION = YES;
				CLANG_WARN_COMMA = YES;
				CLANG_WARN_CONSTANT_CONVERSION = YES;
				CLANG_WARN_DEPRECATED_OBJC_IMPLEMENTATIONS = YES;
				CLANG_WARN_DIRECT_OBJC_ISA_USAGE = YES_ERROR;
				CLANG_WARN_DOCUMENTATION_COMMENTS = YES;
				CLANG_WARN_EMPTY_BODY = YES;
				CLANG_WARN_ENUM_CONVERSION = YES;
				CLANG_WARN_INFINITE_RECURSION = YES;
				CLANG_WARN_INT_CONVERSION = YES;
				CLANG_WARN_NON_LITERAL_NULL_CONVERSION = YES;
				CLANG_WARN_OBJC_IMPLICIT_RETAIN_SELF = YES;
				CLANG_WARN_OBJC_LITERAL_CONVERSION = YES;
				CLANG_WARN_OBJC_ROOT_CLASS = YES_ERROR;
				CLANG_WARN_QUOTED_INCLUDE_IN_FRAMEWORK_HEADER = YES;
				CLANG_WARN_RANGE_LOOP_ANALYSIS = YES;
				CLANG_WARN_STRICT_PROTOTYPES = YES;
				CLANG_WARN_SUSPICIOUS_MOVE = YES;
				CLANG_WARN_UNGUARDED_AVAILABILITY = YES_AGGRESSIVE;
				CLANG_WARN_UNREACHABLE_CODE = YES;
				CLANG_WARN__DUPLICATE_METHOD_MATCH = YES;
				COPY_PHASE_STRIP = NO;
				DEBUG_INFORMATION_FORMAT = dwarf;
				ENABLE_STRICT_OBJC_MSGSEND = YES;
				ENABLE_TESTABILITY = YES;
				GCC_C_LANGUAGE_STANDARD = gnu11;
				GCC_DYNAMIC_NO_PIC = NO;
				GCC_NO_COMMON_BLOCKS = YES;
				GCC_OPTIMIZATION_LEVEL = 0;
				GCC_PREPROCESSOR_DEFINITIONS = (
					"DEBUG=1",
					"$(inherited)",
				);
				GCC_WARN_64_TO_32_BIT_CONVERSION = YES;
				GCC_WARN_ABOUT_RETURN_TYPE = YES_ERROR;
				GCC_WARN_UNDECLARED_SELECTOR = YES;
				GCC_WARN_UNINITIALIZED_AUTOS = YES_AGGRESSIVE;
				GCC_WARN_UNUSED_FUNCTION = YES;
				GCC_WARN_UNUSED_VARIABLE = YES;
				IPHONEOS_DEPLOYMENT_TARGET = 14.5;
				MTL_ENABLE_DEBUG_INFO = INCLUDE_SOURCE;
				MTL_FAST_MATH = YES;
				ONLY_ACTIVE_ARCH = YES;
				SDKROOT = iphoneos;
				SWIFT_ACTIVE_COMPILATION_CONDITIONS = DEBUG;
				SWIFT_OPTIMIZATION_LEVEL = "-Onone";
			};
			name = Debug;
		};
		CBE4EFDE26BDB01E005734DC /* Release */ = {
			isa = XCBuildConfiguration;
			buildSettings = {
				ALWAYS_SEARCH_USER_PATHS = NO;
				CLANG_ANALYZER_NONNULL = YES;
				CLANG_ANALYZER_NUMBER_OBJECT_CONVERSION = YES_AGGRESSIVE;
				CLANG_CXX_LANGUAGE_STANDARD = "gnu++14";
				CLANG_CXX_LIBRARY = "libc++";
				CLANG_ENABLE_MODULES = YES;
				CLANG_ENABLE_OBJC_ARC = YES;
				CLANG_ENABLE_OBJC_WEAK = YES;
				CLANG_WARN_BLOCK_CAPTURE_AUTORELEASING = YES;
				CLANG_WARN_BOOL_CONVERSION = YES;
				CLANG_WARN_COMMA = YES;
				CLANG_WARN_CONSTANT_CONVERSION = YES;
				CLANG_WARN_DEPRECATED_OBJC_IMPLEMENTATIONS = YES;
				CLANG_WARN_DIRECT_OBJC_ISA_USAGE = YES_ERROR;
				CLANG_WARN_DOCUMENTATION_COMMENTS = YES;
				CLANG_WARN_EMPTY_BODY = YES;
				CLANG_WARN_ENUM_CONVERSION = YES;
				CLANG_WARN_INFINITE_RECURSION = YES;
				CLANG_WARN_INT_CONVERSION = YES;
				CLANG_WARN_NON_LITERAL_NULL_CONVERSION = YES;
				CLANG_WARN_OBJC_IMPLICIT_RETAIN_SELF = YES;
				CLANG_WARN_OBJC_LITERAL_CONVERSION = YES;
				CLANG_WARN_OBJC_ROOT_CLASS = YES_ERROR;
				CLANG_WARN_QUOTED_INCLUDE_IN_FRAMEWORK_HEADER = YES;
				CLANG_WARN_RANGE_LOOP_ANALYSIS = YES;
				CLANG_WARN_STRICT_PROTOTYPES = YES;
				CLANG_WARN_SUSPICIOUS_MOVE = YES;
				CLANG_WARN_UNGUARDED_AVAILABILITY = YES_AGGRESSIVE;
				CLANG_WARN_UNREACHABLE_CODE = YES;
				CLANG_WARN__DUPLICATE_METHOD_MATCH = YES;
				COPY_PHASE_STRIP = NO;
				DEBUG_INFORMATION_FORMAT = "dwarf-with-dsym";
				ENABLE_NS_ASSERTIONS = NO;
				ENABLE_STRICT_OBJC_MSGSEND = YES;
				GCC_C_LANGUAGE_STANDARD = gnu11;
				GCC_NO_COMMON_BLOCKS = YES;
				GCC_WARN_64_TO_32_BIT_CONVERSION = YES;
				GCC_WARN_ABOUT_RETURN_TYPE = YES_ERROR;
				GCC_WARN_UNDECLARED_SELECTOR = YES;
				GCC_WARN_UNINITIALIZED_AUTOS = YES_AGGRESSIVE;
				GCC_WARN_UNUSED_FUNCTION = YES;
				GCC_WARN_UNUSED_VARIABLE = YES;
				IPHONEOS_DEPLOYMENT_TARGET = 14.5;
				MTL_ENABLE_DEBUG_INFO = NO;
				MTL_FAST_MATH = YES;
				SDKROOT = iphoneos;
				SWIFT_COMPILATION_MODE = wholemodule;
				SWIFT_OPTIMIZATION_LEVEL = "-O";
				VALIDATE_PRODUCT = YES;
			};
			name = Release;
		};
		CBE4EFE026BDB01E005734DC /* Debug */ = {
			isa = XCBuildConfiguration;
			buildSettings = {
				ASSETCATALOG_COMPILER_APPICON_NAME = AppIcon;
				ASSETCATALOG_COMPILER_GLOBAL_ACCENT_COLOR_NAME = AccentColor;
				CODE_SIGN_STYLE = Automatic;
				INFOPLIST_FILE = CourseProject/Info.plist;
				LD_RUNPATH_SEARCH_PATHS = (
					"$(inherited)",
					"@executable_path/Frameworks",
				);
				PRODUCT_BUNDLE_IDENTIFIER = ca.nait.dmit.cpsc1519.CourseProject;
				PRODUCT_NAME = "$(TARGET_NAME)";
				SWIFT_VERSION = 5.0;
				TARGETED_DEVICE_FAMILY = "1,2";
			};
			name = Debug;
		};
		CBE4EFE126BDB01E005734DC /* Release */ = {
			isa = XCBuildConfiguration;
			buildSettings = {
				ASSETCATALOG_COMPILER_APPICON_NAME = AppIcon;
				ASSETCATALOG_COMPILER_GLOBAL_ACCENT_COLOR_NAME = AccentColor;
				CODE_SIGN_STYLE = Automatic;
				INFOPLIST_FILE = CourseProject/Info.plist;
				LD_RUNPATH_SEARCH_PATHS = (
					"$(inherited)",
					"@executable_path/Frameworks",
				);
				PRODUCT_BUNDLE_IDENTIFIER = ca.nait.dmit.cpsc1519.CourseProject;
				PRODUCT_NAME = "$(TARGET_NAME)";
				SWIFT_VERSION = 5.0;
				TARGETED_DEVICE_FAMILY = "1,2";
			};
			name = Release;
		};
/* End XCBuildConfiguration section */

/* Begin XCConfigurationList section */
		CBE4EFC326BDB01E005734DC /* Build configuration list for PBXProject "CourseProject" */ = {
			isa = XCConfigurationList;
			buildConfigurations = (
				CBE4EFDD26BDB01E005734DC /* Debug */,
				CBE4EFDE26BDB01E005734DC /* Release */,
			);
			defaultConfigurationIsVisible = 0;
			defaultConfigurationName = Release;
		};
		CBE4EFDF26BDB01E005734DC /* Build configuration list for PBXNativeTarget "CourseProject" */ = {
			isa = XCConfigurationList;
			buildConfigurations = (
				CBE4EFE026BDB01E005734DC /* Debug */,
				CBE4EFE126BDB01E005734DC /* Release */,
			);
			defaultConfigurationIsVisible = 0;
			defaultConfigurationName = Release;
		};
/* End XCConfigurationList section */

/* Begin XCVersionGroup section */
		CBE4EFD426BDB01E005734DC /* CourseProject.xcdatamodeld */ = {
			isa = XCVersionGroup;
			children = (
				CBE4EFD526BDB01E005734DC /* CourseProject.xcdatamodel */,
			);
			currentVersion = CBE4EFD526BDB01E005734DC /* CourseProject.xcdatamodel */;
			path = CourseProject.xcdatamodeld;
			sourceTree = "<group>";
			versionGroupType = wrapper.xcdatamodel;
		};
/* End XCVersionGroup section */
	};
	rootObject = CBE4EFC026BDB01E005734DC /* Project object */;
}
